
Microsoft Visual Studio Solution File, Format Version 12.00
# Visual Studio Version 16
VisualStudioVersion = 16.0.28803.452
MinimumVisualStudioVersion = 10.0.40219.1
Project("{9A19103F-16F7-4668-BE54-9A1E7A4F7556}") = "nr.StateMachine", "nr.Workflows\nr.StateMachine.csproj", "{DD95C6C0-8D6D-435B-97C2-27D8F66D5A93}"
EndProject
Project("{FAE04EC0-301F-11D3-BF4B-00C04F79EFBC}") = "Tester", "Tester\Tester.csproj", "{DD1F2636-A1EE-4352-914D-DB0069A038E3}"
EndProject
Global
	GlobalSection(SolutionConfigurationPlatforms) = preSolution
		Debug|Any CPU = Debug|Any CPU
		Release|Any CPU = Release|Any CPU
	EndGlobalSection
	GlobalSection(ProjectConfigurationPlatforms) = postSolution
		{DD95C6C0-8D6D-435B-97C2-27D8F66D5A93}.Debug|Any CPU.ActiveCfg = Debug|Any CPU
		{DD95C6C0-8D6D-435B-97C2-27D8F66D5A93}.Debug|Any CPU.Build.0 = Debug|Any CPU
		{DD95C6C0-8D6D-435B-97C2-27D8F66D5A93}.Release|Any CPU.ActiveCfg = Release|Any CPU
		{DD95C6C0-8D6D-435B-97C2-27D8F66D5A93}.Release|Any CPU.Build.0 = Release|Any CPU
		{DD1F2636-A1EE-4352-914D-DB0069A038E3}.Debug|Any CPU.ActiveCfg = Debug|Any CPU
		{DD1F2636-A1EE-4352-914D-DB0069A038E3}.Debug|Any CPU.Build.0 = Debug|Any CPU
		{DD1F2636-A1EE-4352-914D-DB0069A038E3}.Release|Any CPU.ActiveCfg = Release|Any CPU
		{DD1F2636-A1EE-4352-914D-DB0069A038E3}.Release|Any CPU.Build.0 = Release|Any CPU
	EndGlobalSection
	GlobalSection(SolutionProperties) = preSolution
		HideSolutionNode = FALSE
	EndGlobalSection
	GlobalSection(ExtensibilityGlobals) = postSolution
		SolutionGuid = {95A78C82-DFCF-4BD1-8A1D-EBC05D033DEB}
	EndGlobalSection
EndGlobal
